
Microsoft Visual Studio Solution File, Format Version 12.00
# Visual Studio Version 16
VisualStudioVersion = 16.0.33027.164
MinimumVisualStudioVersion = 10.0.40219.1
Project("{FAE04EC0-301F-11D3-BF4B-00C04F79EFBC}") = "PMQLTHU_CHI", "PMQLTHU_CHI.csproj", "{0E3CE915-286C-44F5-BE27-687C7EF7FFF9}"
EndProject
Project("{54435603-DBB4-11D2-8724-00A0C9A8B90C}") = "QL_THUCHI", "..\QL_THUCHI\QL_THUCHI.vdproj", "{86341E19-A7E5-42B4-823E-8061AF2CA1AD}"
EndProject
Global
	GlobalSection(SolutionConfigurationPlatforms) = preSolution
		Debug|Any CPU = Debug|Any CPU
		Release|Any CPU = Release|Any CPU
	EndGlobalSection
	GlobalSection(ProjectConfigurationPlatforms) = postSolution
		{0E3CE915-286C-44F5-BE27-687C7EF7FFF9}.Debug|Any CPU.ActiveCfg = Debug|Any CPU
		{0E3CE915-286C-44F5-BE27-687C7EF7FFF9}.Debug|Any CPU.Build.0 = Debug|Any CPU
		{0E3CE915-286C-44F5-BE27-687C7EF7FFF9}.Release|Any CPU.ActiveCfg = Release|Any CPU
		{0E3CE915-286C-44F5-BE27-687C7EF7FFF9}.Release|Any CPU.Build.0 = Release|Any CPU
		{86341E19-A7E5-42B4-823E-8061AF2CA1AD}.Debug|Any CPU.ActiveCfg = Debug
		{86341E19-A7E5-42B4-823E-8061AF2CA1AD}.Release|Any CPU.ActiveCfg = Release
	EndGlobalSection
	GlobalSection(SolutionProperties) = preSolution
		HideSolutionNode = FALSE
	EndGlobalSection
	GlobalSection(ExtensibilityGlobals) = postSolution
		SolutionGuid = {EF466439-9E88-42ED-AB30-CD919A129C81}
	EndGlobalSection
EndGlobal
